github.com/fmorenovr/gotry v0.0.0-20190819174022-76e4fe5fe9d6 h1:+EiN/Rj5+SPWoY8AYs84w9A6GCupE+PvVj04xtIEfmE=
github.com/fmorenovr/gotry v0.0.0-20190819174022-76e4fe5fe9d6/go.mod h1:JEMcMIoqby1lU6Kds2m50LQZbcEbsd6KmO7c8JcDtK4=
github.com/jenazads/gotry v0.0.0-20190819174022-76e4fe5fe9d6 h1:8FmsFwKMOX0/wugOreN5fDmLBTWRxQBeYxVRBMyw22o=
github.com/jenazads/gotry v0.0.0-20190819174022-76e4fe5fe9d6/go.mod h1:rBluAugA/fTlkxq6lIfT/2lyodiIhakUJ1aAZ1uYBaw=
